
Microsoft Visual Studio Solution File, Format Version 12.00
Project("{2150E333-8FDC-42A3-9474-1A3956D46DE8}") = "src", "src", "{04A9D0F5-C774-4433-8F34-98BC253EC366}"
EndProject
Project("{2150E333-8FDC-42A3-9474-1A3956D46DE8}") = "Account", "Account", "{4A7F8751-BDF6-4D0D-B90E-EC45FCD9F65E}"
EndProject
Project("{2150E333-8FDC-42A3-9474-1A3956D46DE8}") = "Transaction", "Transaction", "{209F436A-70C6-4B9D-8A81-F6906EB7A423}"
EndProject
Project("{2150E333-8FDC-42A3-9474-1A3956D46DE8}") = "User", "User", "{7BA5DBD6-8F99-40ED-BA80-535EECA777CE}"
EndProject
Project("{FAE04EC0-301F-11D3-BF4B-00C04F79EFBC}") = "Account.API", "src\Account\Account.API\Account.API.csproj", "{E1912D82-CE85-47C6-978F-9B8BDDC96969}"
EndProject
Project("{FAE04EC0-301F-11D3-BF4B-00C04F79EFBC}") = "Transaction.API", "src\Transaction\Transaction.API\Transaction.API.csproj", "{7B7EDB20-23D9-40D2-89CD-93BE4C33A1EA}"
EndProject
Project("{FAE04EC0-301F-11D3-BF4B-00C04F79EFBC}") = "User.API", "src\User\User.API\User.API.csproj", "{5D084AE5-E5F7-41FA-AF4F-4C2135A55FAC}"
EndProject
Project("{FAE04EC0-301F-11D3-BF4B-00C04F79EFBC}") = "Account.Domain", "src\Account\Account.Domain\Account.Domain.csproj", "{5E1A75CF-96C6-467A-84E4-05F7EEBA65FD}"
EndProject
Project("{FAE04EC0-301F-11D3-BF4B-00C04F79EFBC}") = "Transaction.Domain", "src\Transaction\Transaction.Domain\Transaction.Domain.csproj", "{34C41558-17C5-4640-9A39-6FCF2566748D}"
EndProject
Project("{2150E333-8FDC-42A3-9474-1A3956D46DE8}") = "Shared", "Shared", "{77365A6D-0C31-4B77-9289-31012DAB6C3A}"
EndProject
Project("{FAE04EC0-301F-11D3-BF4B-00C04F79EFBC}") = "Shared", "src\Shared\Shared\Shared.csproj", "{1A0BE6D4-8F42-41E1-A68F-5A4D9067DE1B}"
EndProject
Project("{2150E333-8FDC-42A3-9474-1A3956D46DE8}") = "Solution Items", "Solution Items", "{D7A45E31-6E09-42E6-AD4A-C445BAEE7183}"
	ProjectSection(SolutionItems) = preProject
		docker-compose.yml = docker-compose.yml
		RunAllProjects.ps1 = RunAllProjects.ps1
		RunAllProjects.sh = RunAllProjects.sh
		RunAllTests.ps1 = RunAllTests.ps1
		RunAllTests.sh = RunAllTests.sh
		README.md = README.md
	EndProjectSection
EndProject
Project("{2150E333-8FDC-42A3-9474-1A3956D46DE8}") = "BFF", "BFF", "{23C4B139-31B3-437D-A5F8-07F20D56C333}"
EndProject
Project("{FAE04EC0-301F-11D3-BF4B-00C04F79EFBC}") = "Web.BFF.API", "src\BFF\Web.BFF.API\Web.BFF.API.csproj", "{C5556EB4-85E6-44F8-9765-FE75143401DC}"
EndProject
Project("{2150E333-8FDC-42A3-9474-1A3956D46DE8}") = "tests", "tests", "{C63B0E77-ED15-496B-84D9-8A57BBA38A68}"
EndProject
Project("{FAE04EC0-301F-11D3-BF4B-00C04F79EFBC}") = "User.Domain", "src\User\User.Domain\User.Domain.csproj", "{38E6CCC5-7C2A-4690-B659-910AE0F0F2F6}"
EndProject
Project("{FAE04EC0-301F-11D3-BF4B-00C04F79EFBC}") = "Account.API.UnitTests", "tests\Account.API.UnitTests\Account.API.UnitTests.csproj", "{3B4AB2B8-04A4-4741-96C0-B0E9604A6CA6}"
EndProject
Project("{FAE04EC0-301F-11D3-BF4B-00C04F79EFBC}") = "Transaction.API.UnitTests", "tests\Transaction.API.UnitTests\Transaction.API.UnitTests.csproj", "{30A1714D-F026-4EBA-AC67-C82E00DD7DD4}"
EndProject
Project("{FAE04EC0-301F-11D3-BF4B-00C04F79EFBC}") = "User.API.UnitTests", "tests\User.API.UnitTests\User.API.UnitTests.csproj", "{F9632725-9F04-4625-922C-F0E366C62E36}"
EndProject
Global
	GlobalSection(SolutionConfigurationPlatforms) = preSolution
		Debug|Any CPU = Debug|Any CPU
		Release|Any CPU = Release|Any CPU
	EndGlobalSection
	GlobalSection(NestedProjects) = preSolution
		{4A7F8751-BDF6-4D0D-B90E-EC45FCD9F65E} = {04A9D0F5-C774-4433-8F34-98BC253EC366}
		{209F436A-70C6-4B9D-8A81-F6906EB7A423} = {04A9D0F5-C774-4433-8F34-98BC253EC366}
		{7BA5DBD6-8F99-40ED-BA80-535EECA777CE} = {04A9D0F5-C774-4433-8F34-98BC253EC366}
		{E1912D82-CE85-47C6-978F-9B8BDDC96969} = {4A7F8751-BDF6-4D0D-B90E-EC45FCD9F65E}
		{7B7EDB20-23D9-40D2-89CD-93BE4C33A1EA} = {209F436A-70C6-4B9D-8A81-F6906EB7A423}
		{5D084AE5-E5F7-41FA-AF4F-4C2135A55FAC} = {7BA5DBD6-8F99-40ED-BA80-535EECA777CE}
		{5E1A75CF-96C6-467A-84E4-05F7EEBA65FD} = {4A7F8751-BDF6-4D0D-B90E-EC45FCD9F65E}
		{34C41558-17C5-4640-9A39-6FCF2566748D} = {209F436A-70C6-4B9D-8A81-F6906EB7A423}
		{77365A6D-0C31-4B77-9289-31012DAB6C3A} = {04A9D0F5-C774-4433-8F34-98BC253EC366}
		{1A0BE6D4-8F42-41E1-A68F-5A4D9067DE1B} = {77365A6D-0C31-4B77-9289-31012DAB6C3A}
		{23C4B139-31B3-437D-A5F8-07F20D56C333} = {04A9D0F5-C774-4433-8F34-98BC253EC366}
		{C5556EB4-85E6-44F8-9765-FE75143401DC} = {23C4B139-31B3-437D-A5F8-07F20D56C333}
		{38E6CCC5-7C2A-4690-B659-910AE0F0F2F6} = {7BA5DBD6-8F99-40ED-BA80-535EECA777CE}
		{3B4AB2B8-04A4-4741-96C0-B0E9604A6CA6} = {C63B0E77-ED15-496B-84D9-8A57BBA38A68}
		{30A1714D-F026-4EBA-AC67-C82E00DD7DD4} = {C63B0E77-ED15-496B-84D9-8A57BBA38A68}
		{F9632725-9F04-4625-922C-F0E366C62E36} = {C63B0E77-ED15-496B-84D9-8A57BBA38A68}
	EndGlobalSection
	GlobalSection(ProjectConfigurationPlatforms) = postSolution
		{E1912D82-CE85-47C6-978F-9B8BDDC96969}.Debug|Any CPU.ActiveCfg = Debug|Any CPU
		{E1912D82-CE85-47C6-978F-9B8BDDC96969}.Debug|Any CPU.Build.0 = Debug|Any CPU
		{E1912D82-CE85-47C6-978F-9B8BDDC96969}.Release|Any CPU.ActiveCfg = Release|Any CPU
		{E1912D82-CE85-47C6-978F-9B8BDDC96969}.Release|Any CPU.Build.0 = Release|Any CPU
		{7B7EDB20-23D9-40D2-89CD-93BE4C33A1EA}.Debug|Any CPU.ActiveCfg = Debug|Any CPU
		{7B7EDB20-23D9-40D2-89CD-93BE4C33A1EA}.Debug|Any CPU.Build.0 = Debug|Any CPU
		{7B7EDB20-23D9-40D2-89CD-93BE4C33A1EA}.Release|Any CPU.ActiveCfg = Release|Any CPU
		{7B7EDB20-23D9-40D2-89CD-93BE4C33A1EA}.Release|Any CPU.Build.0 = Release|Any CPU
		{5D084AE5-E5F7-41FA-AF4F-4C2135A55FAC}.Debug|Any CPU.ActiveCfg = Debug|Any CPU
		{5D084AE5-E5F7-41FA-AF4F-4C2135A55FAC}.Debug|Any CPU.Build.0 = Debug|Any CPU
		{5D084AE5-E5F7-41FA-AF4F-4C2135A55FAC}.Release|Any CPU.ActiveCfg = Release|Any CPU
		{5D084AE5-E5F7-41FA-AF4F-4C2135A55FAC}.Release|Any CPU.Build.0 = Release|Any CPU
		{5E1A75CF-96C6-467A-84E4-05F7EEBA65FD}.Debug|Any CPU.ActiveCfg = Debug|Any CPU
		{5E1A75CF-96C6-467A-84E4-05F7EEBA65FD}.Debug|Any CPU.Build.0 = Debug|Any CPU
		{5E1A75CF-96C6-467A-84E4-05F7EEBA65FD}.Release|Any CPU.ActiveCfg = Release|Any CPU
		{5E1A75CF-96C6-467A-84E4-05F7EEBA65FD}.Release|Any CPU.Build.0 = Release|Any CPU
		{34C41558-17C5-4640-9A39-6FCF2566748D}.Debug|Any CPU.ActiveCfg = Debug|Any CPU
		{34C41558-17C5-4640-9A39-6FCF2566748D}.Debug|Any CPU.Build.0 = Debug|Any CPU
		{34C41558-17C5-4640-9A39-6FCF2566748D}.Release|Any CPU.ActiveCfg = Release|Any CPU
		{34C41558-17C5-4640-9A39-6FCF2566748D}.Release|Any CPU.Build.0 = Release|Any CPU
		{1A0BE6D4-8F42-41E1-A68F-5A4D9067DE1B}.Debug|Any CPU.ActiveCfg = Debug|Any CPU
		{1A0BE6D4-8F42-41E1-A68F-5A4D9067DE1B}.Debug|Any CPU.Build.0 = Debug|Any CPU
		{1A0BE6D4-8F42-41E1-A68F-5A4D9067DE1B}.Release|Any CPU.ActiveCfg = Release|Any CPU
		{1A0BE6D4-8F42-41E1-A68F-5A4D9067DE1B}.Release|Any CPU.Build.0 = Release|Any CPU
		{C5556EB4-85E6-44F8-9765-FE75143401DC}.Debug|Any CPU.ActiveCfg = Debug|Any CPU
		{C5556EB4-85E6-44F8-9765-FE75143401DC}.Debug|Any CPU.Build.0 = Debug|Any CPU
		{C5556EB4-85E6-44F8-9765-FE75143401DC}.Release|Any CPU.ActiveCfg = Release|Any CPU
		{C5556EB4-85E6-44F8-9765-FE75143401DC}.Release|Any CPU.Build.0 = Release|Any CPU
		{38E6CCC5-7C2A-4690-B659-910AE0F0F2F6}.Debug|Any CPU.ActiveCfg = Debug|Any CPU
		{38E6CCC5-7C2A-4690-B659-910AE0F0F2F6}.Debug|Any CPU.Build.0 = Debug|Any CPU
		{38E6CCC5-7C2A-4690-B659-910AE0F0F2F6}.Release|Any CPU.ActiveCfg = Release|Any CPU
		{38E6CCC5-7C2A-4690-B659-910AE0F0F2F6}.Release|Any CPU.Build.0 = Release|Any CPU
		{3B4AB2B8-04A4-4741-96C0-B0E9604A6CA6}.Debug|Any CPU.ActiveCfg = Debug|Any CPU
		{3B4AB2B8-04A4-4741-96C0-B0E9604A6CA6}.Debug|Any CPU.Build.0 = Debug|Any CPU
		{3B4AB2B8-04A4-4741-96C0-B0E9604A6CA6}.Release|Any CPU.ActiveCfg = Release|Any CPU
		{3B4AB2B8-04A4-4741-96C0-B0E9604A6CA6}.Release|Any CPU.Build.0 = Release|Any CPU
		{30A1714D-F026-4EBA-AC67-C82E00DD7DD4}.Debug|Any CPU.ActiveCfg = Debug|Any CPU
		{30A1714D-F026-4EBA-AC67-C82E00DD7DD4}.Debug|Any CPU.Build.0 = Debug|Any CPU
		{30A1714D-F026-4EBA-AC67-C82E00DD7DD4}.Release|Any CPU.ActiveCfg = Release|Any CPU
		{30A1714D-F026-4EBA-AC67-C82E00DD7DD4}.Release|Any CPU.Build.0 = Release|Any CPU
		{F9632725-9F04-4625-922C-F0E366C62E36}.Debug|Any CPU.ActiveCfg = Debug|Any CPU
		{F9632725-9F04-4625-922C-F0E366C62E36}.Debug|Any CPU.Build.0 = Debug|Any CPU
		{F9632725-9F04-4625-922C-F0E366C62E36}.Release|Any CPU.ActiveCfg = Release|Any CPU
		{F9632725-9F04-4625-922C-F0E366C62E36}.Release|Any CPU.Build.0 = Release|Any CPU
	EndGlobalSection
EndGlobal
